
Microsoft Visual Studio Solution File, Format Version 12.00
# Visual Studio Version 17
VisualStudioVersion = 17.4.33110.190
MinimumVisualStudioVersion = 10.0.40219.1
Project("{FAE04EC0-301F-11D3-BF4B-00C04F79EFBC}") = "Calculator", "Calculator\Calculator.csproj", "{F4A60B69-723D-4B70-B84D-3915CCFE141A}"
EndProject
Global
	GlobalSection(SolutionConfigurationPlatforms) = preSolution
		Debug|Any CPU = Debug|Any CPU
		Release|Any CPU = Release|Any CPU
	EndGlobalSection
	GlobalSection(ProjectConfigurationPlatforms) = postSolution
		{F4A60B69-723D-4B70-B84D-3915CCFE141A}.Debug|Any CPU.ActiveCfg = Debug|Any CPU
		{F4A60B69-723D-4B70-B84D-3915CCFE141A}.Debug|Any CPU.Build.0 = Debug|Any CPU
		{F4A60B69-723D-4B70-B84D-3915CCFE141A}.Release|Any CPU.ActiveCfg = Release|Any CPU
		{F4A60B69-723D-4B70-B84D-3915CCFE141A}.Release|Any CPU.Build.0 = Release|Any CPU
	EndGlobalSection
	GlobalSection(SolutionProperties) = preSolution
		HideSolutionNode = FALSE
	EndGlobalSection
	GlobalSection(ExtensibilityGlobals) = postSolution
		SolutionGuid = {A2AA6CF9-EAE3-4C6F-9C7A-1AF1563A9AD1}
	EndGlobalSection
EndGlobal
